version = 1
revision = 3
requires-python = ">=3.12"

[[package]]
name = "anyio"
version = "4.11.0"
source = { registry = "https://pypi.org/simple" }
dependencies = [
    { name = "idna" },
    { name = "sniffio" },
    { name = "typing-extensions", marker = "python_full_version < '3.13'" },
]
sdist = { url = "https://files.pythonhosted.org/packages/c6/78/7d432127c41b50bccba979505f272c16cbcadcc33645d5fa3a738110ae75/anyio-4.11.0.tar.gz", hash = "sha256:82a8d0b81e318cc5ce71a5f1f8b5c4e63619620b63141ef8c995fa0db95a57c4", size = 219094, upload-time = "2025-09-23T09:19:12.58Z" }
wheels = [
    { url = "https://files.pythonhosted.org/packages/15/b3/9b1a8074496371342ec1e796a96f99c82c945a339cd81a8e73de28b4cf9e/anyio-4.11.0-py3-none-any.whl", hash = "sha256:0287e96f4d26d4149305414d4e3bc32f0dcd0862365a4bddea19d7a1ec38c4fc", size = 109097, upload-time = "2025-09-23T09:19:10.601Z" },
]

[[package]]
name = "bibtexparser"
version = "1.4.3"
source = { registry = "https://pypi.org/simple" }
dependencies = [
    { name = "pyparsing" },
]
sdist = { url = "https://files.pythonhosted.org/packages/92/8d/e296c7af03757debd8fc80df2898cbed4fb69fc61ed2c9b4a1d42e923a9e/bibtexparser-1.4.3.tar.gz", hash = "sha256:a9c7ded64bc137720e4df0b1b7f12734edc1361185f1c9097048ff7c35af2b8f", size = 55582, upload-time = "2024-12-19T20:41:57.754Z" }

[[package]]
name = "certifi"
version = "2025.10.5"
source = { registry = "https://pypi.org/simple" }
sdist = { url = "https://files.pythonhosted.org/packages/4c/5b/b6ce21586237c77ce67d01dc5507039d444b630dd76611bbca2d8e5dcd91/certifi-2025.10.5.tar.gz", hash = "sha256:47c09d31ccf2acf0be3f701ea53595ee7e0b8fa08801c6624be771df09ae7b43", size = 164519, upload-time = "2025-10-05T04:12:15.808Z" }
wheels = [
    { url = "https://files.pythonhosted.org/packages/e4/37/af0d2ef3967ac0d6113837b44a4f0bfe1328c2b9763bd5b1744520e5cfed/certifi-2025.10.5-py3-none-any.whl", hash = "sha256:0f212c2744a9bb6de0c56639a6f68afe01ecd92d91f14ae897c4fe7bbeeef0de", size = 163286, upload-time = "2025-10-05T04:12:14.03Z" },
]

[[package]]
name = "charset-normalizer"
version = "3.4.4"
source = { registry = "https://pypi.org/simple" }
sdist = { url = "https://files.pythonhosted.org/packages/13/69/33ddede1939fdd074bce5434295f38fae7136463422fe4fd3e0e89b98062/charset_normalizer-3.4.4.tar.gz", hash = "sha256:94537985111c35f28720e43603b8e7b43a6ecfb2ce1d3058bbe955b73404e21a", size = 129418, upload-time = "2025-10-14T04:42:32.879Z" }
wheels = [
    { url = "https://files.pythonhosted.org/packages/f3/85/1637cd4af66fa687396e757dec650f28025f2a2f5a5531a3208dc0ec43f2/charset_normalizer-3.4.4-cp312-cp312-macosx_10_13_universal2.whl", hash = "sha256:0a98e6759f854bd25a58a73fa88833fba3b7c491169f86ce1180c948ab3fd394", size = 208425, upload-time = "2025-10-14T04:40:53.353Z" },
    { url = "https://files.pythonhosted.org/packages/9d/6a/04130023fef2a0d9c62d0bae2649b69f7b7d8d24ea5536feef50551029df/charset_normalizer-3.4.4-cp312-cp312-manylinux2014_aarch64.manylinux_2_17_aarch64.manylinux_2_28_aarch64.whl", hash = "sha256:b5b290ccc2a263e8d185130284f8501e3e36c5e02750fc6b6bdeb2e9e96f1e25", size = 148162, upload-time = "2025-10-14T04:40:54.558Z" },
    { url = "https://files.pythonhosted.org/packages/78/29/62328d79aa60da22c9e0b9a66539feae06ca0f5a4171ac4f7dc285b83688/charset_normalizer-3.4.4-cp312-cp312-manylinux2014_armv7l.manylinux_2_17_armv7l.manylinux_2_31_armv7l.whl", hash = "sha256:74bb723680f9f7a6234dcf67aea57e708ec1fbdf5699fb91dfd6f511b0a320ef", size = 144558, upload-time = "2025-10-14T04:40:55.677Z" },
    { url = "https://files.pythonhosted.org/packages/86/bb/b32194a4bf15b88403537c2e120b817c61cd4ecffa9b6876e941c3ee38fe/charset_normalizer-3.4.4-cp312-cp312-manylinux2014_ppc64le.manylinux_2_17_ppc64le.manylinux_2_28_ppc64le.whl", hash = "sha256:f1e34719c6ed0b92f418c7c780480b26b5d9c50349e9a9af7d76bf757530350d", size = 161497, upload-time = "2025-10-14T04:40:57.217Z" },
    { url = "https://files.pythonhosted.org/packages/19/89/a54c82b253d5b9b111dc74aca196ba5ccfcca8242d0fb64146d4d3183ff1/charset_normalizer-3.4.4-cp312-cp312-manylinux2014_s390x.manylinux_2_17_s390x.manylinux_2_28_s390x.whl", hash = "sha256:2437418e20515acec67d86e12bf70056a33abdacb5cb1655042f6538d6b085a8", size = 159240, upload-time = "2025-10-14T04:40:58.358Z" },
    { url = "https://files.pythonhosted.org/packages/c0/10/d20b513afe03acc89ec33948320a5544d31f21b05368436d580dec4e234d/charset_normalizer-3.4.4-cp312-cp312-manylinux2014_x86_64.manylinux_2_17_x86_64.manylinux_2_28_x86_64.whl", hash = "sha256:11d694519d7f29d6cd09f6ac70028dba10f92f6cdd059096db198c283794ac86", size = 153471, upload-time = "2025-10-14T04:40:59.468Z" },
    { url = "https://files.pythonhosted.org/packages/61/fa/fbf177b55bdd727010f9c0a3c49eefa1d10f960e5f09d1d887bf93c2e698/charset_normalizer-3.4.4-cp312-cp312-manylinux_2_31_riscv64.manylinux_2_39_riscv64.whl", hash = "sha256:ac1c4a689edcc530fc9d9aa11f5774b9e2f33f9a0c6a57864e90908f5208d30a", size = 150864, upload-time = "2025-10-14T04:41:00.623Z" },
    { url = "https://files.pythonhosted.org/packages/05/12/9fbc6a4d39c0198adeebbde20b619790e9236557ca59fc40e0e3cebe6f40/charset_normalizer-3.4.4-cp312-cp312-musllinux_1_2_aarch64.whl", hash = "sha256:21d142cc6c0ec30d2efee5068ca36c128a30b0f2c53c1c07bd78cb6bc1d3be5f", size = 150647, upload-time = "2025-10-14T04:41:01.754Z" },
    { url = "https://files.pythonhosted.org/packages/ad/1f/6a9a593d52e3e8c5d2b167daf8c6b968808efb57ef4c210acb907c365bc4/charset_normalizer-3.4.4-cp312-cp312-musllinux_1_2_armv7l.whl", hash = "sha256:5dbe56a36425d26d6cfb40ce79c314a2e4dd6211d51d6d2191c00bed34f354cc", size = 145110, upload-time = "2025-10-14T04:41:03.231Z" },
    { url = "https://files.pythonhosted.org/packages/30/42/9a52c609e72471b0fc54386dc63c3781a387bb4fe61c20231a4ebcd58bdd/charset_normalizer-3.4.4-cp312-cp312-musllinux_1_2_ppc64le.whl", hash = "sha256:5bfbb1b9acf3334612667b61bd3002196fe2a1eb4dd74d247e0f2a4d50ec9bbf", size = 162839, upload-time = "2025-10-14T04:41:04.715Z" },
    { url = "https://files.pythonhosted.org/packages/c4/5b/c0682bbf9f11597073052628ddd38344a3d673fda35a36773f7d19344b23/charset_normalizer-3.4.4-cp312-cp312-musllinux_1_2_riscv64.whl", hash = "sha256:d055ec1e26e441f6187acf818b73564e6e6282709e9bcb5b63f5b23068356a15", size = 150667, upload-time = "2025-10-14T04:41:05.827Z" },
    { url = "https://files.pythonhosted.org/packages/e4/24/a41afeab6f990cf2daf6cb8c67419b63b48cf518e4f56022230840c9bfb2/charset_normalizer-3.4.4-cp312-cp312-musllinux_1_2_s390x.whl", hash = "sha256:af2d8c67d8e573d6de5bc30cdb27e9b95e49115cd9baad5ddbd1a6207aaa82a9", size = 160535, upload-time = "2025-10-14T04:41:06.938Z" },
    { url = "https://files.pythonhosted.org/packages/2a/e5/6a4ce77ed243c4a50a1fecca6aaaab419628c818a49434be428fe24c9957/charset_normalizer-3.4.4-cp312-cp312-musllinux_1_2_x86_64.whl", hash = "sha256:780236ac706e66881f3b7f2f32dfe90507a09e67d1d454c762cf642e6e1586e0", size = 154816, upload-time = "2025-10-14T04:41:08.101Z" },
    { url = "https://files.pythonhosted.org/packages/a8/ef/89297262b8092b312d29cdb2517cb1237e51db8ecef2e9af5edbe7b683b1/charset_normalizer-3.4.4-cp312-cp312-win32.whl", hash = "sha256:5833d2c39d8896e4e19b689ffc198f08ea58116bee26dea51e362ecc7cd3ed26", size = 99694, upload-time = "2025-10-14T04:41:09.23Z" },
    { url = "https://files.pythonhosted.org/packages/3d/2d/1e5ed9dd3b3803994c155cd9aacb60c82c331bad84daf75bcb9c91b3295e/charset_normalizer-3.4.4-cp312-cp312-win_amd64.whl", hash = "sha256:a79cfe37875f822425b89a82333404539ae63dbdddf97f84dcbc3d339aae9525", size = 107131, upload-time = "2025-10-14T04:41:10.467Z" },
    { url = "https://files.pythonhosted.org/packages/d0/d9/0ed4c7098a861482a7b6a95603edce4c0d9db2311af23da1fb2b75ec26fc/charset_normalizer-3.4.4-cp312-cp312-win_arm64.whl", hash = "sha256:376bec83a63b8021bb5c8ea75e21c4ccb86e7e45ca4eb81146091b56599b80c3", size = 100390, upload-time = "2025-10-14T04:41:11.915Z" },
    { url = "https://files.pythonhosted.org/packages/97/45/4b3a1239bbacd321068ea6e7ac28875b03ab8bc0aa0966452db17cd36714/charset_normalizer-3.4.4-cp313-cp313-macosx_10_13_universal2.whl", hash = "sha256:e1f185f86a6f3403aa2420e815904c67b2f9ebc443f045edd0de921108345794", size = 208091, upload-time = "2025-10-14T04:41:13.346Z" },
    { url = "https://files.pythonhosted.org/packages/7d/62/73a6d7450829655a35bb88a88fca7d736f9882a27eacdca2c6d505b57e2e/charset_normalizer-3.4.4-cp313-cp313-manylinux2014_aarch64.manylinux_2_17_aarch64.manylinux_2_28_aarch64.whl", hash = "sha256:6b39f987ae8ccdf0d2642338faf2abb1862340facc796048b604ef14919e55ed", size = 147936, upload-time = "2025-10-14T04:41:14.461Z" },
    { url = "https://files.pythonhosted.org/packages/89/c5/adb8c8b3d6625bef6d88b251bbb0d95f8205831b987631ab0c8bb5d937c2/charset_normalizer-3.4.4-cp313-cp313-manylinux2014_armv7l.manylinux_2_17_armv7l.manylinux_2_31_armv7l.whl", hash = "sha256:3162d5d8ce1bb98dd51af660f2121c55d0fa541b46dff7bb9b9f86ea1d87de72", size = 144180, upload-time = "2025-10-14T04:41:15.588Z" },
    { url = "https://files.pythonhosted.org/packages/91/ed/9706e4070682d1cc219050b6048bfd293ccf67b3d4f5a4f39207453d4b99/charset_normalizer-3.4.4-cp313-cp313-manylinux2014_ppc64le.manylinux_2_17_ppc64le.manylinux_2_28_ppc64le.whl", hash = "sha256:81d5eb2a312700f4ecaa977a8235b634ce853200e828fbadf3a9c50bab278328", size = 161346, upload-time = "2025-10-14T04:41:16.738Z" },
    { url = "https://files.pythonhosted.org/packages/d5/0d/031f0d95e4972901a2f6f09ef055751805ff541511dc1252ba3ca1f80cf5/charset_normalizer-3.4.4-cp313-cp313-manylinux2014_s390x.manylinux_2_17_s390x.manylinux_2_28_s390x.whl", hash = "sha256:5bd2293095d766545ec1a8f612559f6b40abc0eb18bb2f5d1171872d34036ede", size = 158874, upload-time = "2025-10-14T04:41:17.923Z" },
    { url = "https://files.pythonhosted.org/packages/f5/83/6ab5883f57c9c801ce5e5677242328aa45592be8a00644310a008d04f922/charset_normalizer-3.4.4-cp313-cp313-manylinux2014_x86_64.manylinux_2_17_x86_64.manylinux_2_28_x86_64.whl", hash = "sha256:a8a8b89589086a25749f471e6a900d3f662d1d3b6e2e59dcecf787b1cc3a1894", size = 153076, upload-time = "2025-10-14T04:41:19.106Z" },
    { url = "https://files.pythonhosted.org/packages/75/1e/5ff781ddf5260e387d6419959ee89ef13878229732732ee73cdae01800f2/charset_normalizer-3.4.4-cp313-cp313-manylinux_2_31_riscv64.manylinux_2_39_riscv64.whl", hash = "sha256:bc7637e2f80d8530ee4a78e878bce464f70087ce73cf7c1caf142416923b98f1", size = 150601, upload-time = "2025-10-14T04:41:20.245Z" },
    { url = "https://files.pythonhosted.org/packages/d7/57/71be810965493d3510a6ca79b90c19e48696fb1ff964da319334b12677f0/charset_normalizer-3.4.4-cp313-cp313-musllinux_1_2_aarch64.whl", hash = "sha256:f8bf04158c6b607d747e93949aa60618b61312fe647a6369f88ce2ff16043490", size = 150376, upload-time = "2025-10-14T04:41:21.398Z" },
    { url = "https://files.pythonhosted.org/packages/e5/d5/c3d057a78c181d007014feb7e9f2e65905a6c4ef182c0ddf0de2924edd65/charset_normalizer-3.4.4-cp313-cp313-musllinux_1_2_armv7l.whl", hash = "sha256:554af85e960429cf30784dd47447d5125aaa3b99a6f0683589dbd27e2f45da44", size = 144825, upload-time = "2025-10-14T04:41:22.583Z" },
    { url = "https://files.pythonhosted.org/packages/e6/8c/d0406294828d4976f275ffbe66f00266c4b3136b7506941d87c00cab5272/charset_normalizer-3.4.4-cp313-cp313-musllinux_1_2_ppc64le.whl", hash = "sha256:74018750915ee7ad843a774364e13a3db91682f26142baddf775342c3f5b1133", size = 162583, upload-time = "2025-10-14T04:41:23.754Z" },
    { url = "https://files.pythonhosted.org/packages/d7/24/e2aa1f18c8f15c4c0e932d9287b8609dd30ad56dbe41d926bd846e22fb8d/charset_normalizer-3.4.4-cp313-cp313-musllinux_1_2_riscv64.whl", hash = "sha256:c0463276121fdee9c49b98908b3a89c39be45d86d1dbaa22957e38f6321d4ce3", size = 150366, upload-time = "2025-10-14T04:41:25.27Z" },
    { url = "https://files.pythonhosted.org/packages/e4/5b/1e6160c7739aad1e2df054300cc618b06bf784a7a164b0f238360721ab86/charset_normalizer-3.4.4-cp313-cp313-musllinux_1_2_s390x.whl", hash = "sha256:362d61fd13843997c1c446760ef36f240cf81d3ebf74ac62652aebaf7838561e", size = 160300, upload-time = "2025-10-14T04:41:26.725Z" },
    { url = "https://files.pythonhosted.org/packages/7a/10/f882167cd207fbdd743e55534d5d9620e095089d176d55cb22d5322f2afd/charset_normalizer-3.4.4-cp313-cp313-musllinux_1_2_x86_64.whl", hash = "sha256:9a26f18905b8dd5d685d6d07b0cdf98a79f3c7a918906af7cc143ea2e164c8bc", size = 154465, upload-time = "2025-10-14T04:41:28.322Z" },
    { url = "https://files.pythonhosted.org/packages/89/66/c7a9e1b7429be72123441bfdbaf2bc13faab3f90b933f664db506dea5915/charset_normalizer-3.4.4-cp313-cp313-win32.whl", hash = "sha256:9b35f4c90079ff2e2edc5b26c0c77925e5d2d255c42c74fdb70fb49b172726ac", size = 99404, upload-time = "2025-10-14T04:41:29.95Z" },
    { url = "https://files.pythonhosted.org/packages/c4/26/b9924fa27db384bdcd97ab83b4f0a8058d96ad9626ead570674d5e737d90/charset_normalizer-3.4.4-cp313-cp313-win_amd64.whl", hash = "sha256:b435cba5f4f750aa6c0a0d92c541fb79f69a387c91e61f1795227e4ed9cece14", size = 107092, upload-time = "2025-10-14T04:41:31.188Z" },
    { url = "https://files.pythonhosted.org/packages/af/8f/3ed4bfa0c0c72a7ca17f0380cd9e4dd842b09f664e780c13cff1dcf2ef1b/charset_normalizer-3.4.4-cp313-cp313-win_arm64.whl", hash = "sha256:542d2cee80be6f80247095cc36c418f7bddd14f4a6de45af91dfad36d817bba2", size = 100408, upload-time = "2025-10-14T04:41:32.624Z" },
    { url = "https://files.pythonhosted.org/packages/2a/35/7051599bd493e62411d6ede36fd5af83a38f37c4767b92884df7301db25d/charset_normalizer-3.4.4-cp314-cp314-macosx_10_13_universal2.whl", hash = "sha256:da3326d9e65ef63a817ecbcc0df6e94463713b754fe293eaa03da99befb9a5bd", size = 207746, upload-time = "2025-10-14T04:41:33.773Z" },
    { url = "https://files.pythonhosted.org/packages/10/9a/97c8d48ef10d6cd4fcead2415523221624bf58bcf68a802721a6bc807c8f/charset_normalizer-3.4.4-cp314-cp314-manylinux2014_aarch64.manylinux_2_17_aarch64.manylinux_2_28_aarch64.whl", hash = "sha256:8af65f14dc14a79b924524b1e7fffe304517b2bff5a58bf64f30b98bbc5079eb", size = 147889, upload-time = "2025-10-14T04:41:34.897Z" },
    { url = "https://files.pythonhosted.org/packages/10/bf/979224a919a1b606c82bd2c5fa49b5c6d5727aa47b4312bb27b1734f53cd/charset_normalizer-3.4.4-cp314-cp314-manylinux2014_armv7l.manylinux_2_17_armv7l.manylinux_2_31_armv7l.whl", hash = "sha256:74664978bb272435107de04e36db5a9735e78232b85b77d45cfb38f758efd33e", size = 143641, upload-time = "2025-10-14T04:41:36.116Z" },
    { url = "https://files.pythonhosted.org/packages/ba/33/0ad65587441fc730dc7bd90e9716b30b4702dc7b617e6ba4997dc8651495/charset_normalizer-3.4.4-cp314-cp314-manylinux2014_ppc64le.manylinux_2_17_ppc64le.manylinux_2_28_ppc64le.whl", hash = "sha256:752944c7ffbfdd10c074dc58ec2d5a8a4cd9493b314d367c14d24c17684ddd14", size = 160779, upload-time = "2025-10-14T04:41:37.229Z" },
    { url = "https://files.pythonhosted.org/packages/67/ed/331d6b249259ee71ddea93f6f2f0a56cfebd46938bde6fcc6f7b9a3d0e09/charset_normalizer-3.4.4-cp314-cp314-manylinux2014_s390x.manylinux_2_17_s390x.manylinux_2_28_s390x.whl", hash = "sha256:d1f13550535ad8cff21b8d757a3257963e951d96e20ec82ab44bc64aeb62a191", size = 159035, upload-time = "2025-10-14T04:41:38.368Z" },
    { url = "https://files.pythonhosted.org/packages/67/ff/f6b948ca32e4f2a4576aa129d8bed61f2e0543bf9f5f2b7fc3758ed005c9/charset_normalizer-3.4.4-cp314-cp314-manylinux2014_x86_64.manylinux_2_17_x86_64.manylinux_2_28_x86_64.whl", hash = "sha256:ecaae4149d99b1c9e7b88bb03e3221956f68fd6d50be2ef061b2381b61d20838", size = 152542, upload-time = "2025-10-14T04:41:39.862Z" },
    { url = "https://files.pythonhosted.org/packages/16/85/276033dcbcc369eb176594de22728541a925b2632f9716428c851b149e83/charset_normalizer-3.4.4-cp314-cp314-manylinux_2_31_riscv64.manylinux_2_39_riscv64.whl", hash = "sha256:cb6254dc36b47a990e59e1068afacdcd02958bdcce30bb50cc1700a8b9d624a6", size = 149524, upload-time = "2025-10-14T04:41:41.319Z" },
    { url = "https://files.pythonhosted.org/packages/9e/f2/6a2a1f722b6aba37050e626530a46a68f74e63683947a8acff92569f979a/charset_normalizer-3.4.4-cp314-cp314-musllinux_1_2_aarch64.whl", hash = "sha256:c8ae8a0f02f57a6e61203a31428fa1d677cbe50c93622b4149d5c0f319c1d19e", size = 150395, upload-time = "2025-10-14T04:41:42.539Z" },
    { url = "https://files.pythonhosted.org/packages/60/bb/2186cb2f2bbaea6338cad15ce23a67f9b0672929744381e28b0592676824/charset_normalizer-3.4.4-cp314-cp314-musllinux_1_2_armv7l.whl", hash = "sha256:47cc91b2f4dd2833fddaedd2893006b0106129d4b94fdb6af1f4ce5a9965577c", size = 143680, upload-time = "2025-10-14T04:41:43.661Z" },
    { url = "https://files.pythonhosted.org/packages/7d/a5/bf6f13b772fbb2a90360eb620d52ed8f796f3c5caee8398c3b2eb7b1c60d/charset_normalizer-3.4.4-cp314-cp314-musllinux_1_2_ppc64le.whl", hash = "sha256:82004af6c302b5d3ab2cfc4cc5f29db16123b1a8417f2e25f9066f91d4411090", size = 162045, upload-time = "2025-10-14T04:41:44.821Z" },
    { url = "https://files.pythonhosted.org/packages/df/c5/d1be898bf0dc3ef9030c3825e5d3b83f2c528d207d246cbabe245966808d/charset_normalizer-3.4.4-cp314-cp314-musllinux_1_2_riscv64.whl", hash = "sha256:2b7d8f6c26245217bd2ad053761201e9f9680f8ce52f0fcd8d0755aeae5b2152", size = 149687, upload-time = "2025-10-14T04:41:46.442Z" },
    { url = "https://files.pythonhosted.org/packages/a5/42/90c1f7b9341eef50c8a1cb3f098ac43b0508413f33affd762855f67a410e/charset_normalizer-3.4.4-cp314-cp314-musllinux_1_2_s390x.whl", hash = "sha256:799a7a5e4fb2d5898c60b640fd4981d6a25f1c11790935a44ce38c54e985f828", size = 160014, upload-time = "2025-10-14T04:41:47.631Z" },
    { url = "https://files.pythonhosted.org/packages/76/be/4d3ee471e8145d12795ab655ece37baed0929462a86e72372fd25859047c/charset_normalizer-3.4.4-cp314-cp314-musllinux_1_2_x86_64.whl", hash = "sha256:99ae2cffebb06e6c22bdc25801d7b30f503cc87dbd283479e7b606f70aff57ec", size = 154044, upload-time = "2025-10-14T04:41:48.81Z" },
    { url = "https://files.pythonhosted.org/packages/b0/6f/8f7af07237c34a1defe7defc565a9bc1807762f672c0fde711a4b22bf9c0/charset_normalizer-3.4.4-cp314-cp314-win32.whl", hash = "sha256:f9d332f8c2a2fcbffe1378594431458ddbef721c1769d78e2cbc06280d8155f9", size = 99940, upload-time = "2025-10-14T04:41:49.946Z" },
    { url = "https://files.pythonhosted.org/packages/4b/51/8ade005e5ca5b0d80fb4aff72a3775b325bdc3d27408c8113811a7cbe640/charset_normalizer-3.4.4-cp314-cp314-win_amd64.whl", hash = "sha256:8a6562c3700cce886c5be75ade4a5db4214fda19fede41d9792d100288d8f94c", size = 107104, upload-time = "2025-10-14T04:41:51.051Z" },
    { url = "https://files.pythonhosted.org/packages/da/5f/6b8f83a55bb8278772c5ae54a577f3099025f9ade59d0136ac24a0df4bde/charset_normalizer-3.4.4-cp314-cp314-win_arm64.whl", hash = "sha256:de00632ca48df9daf77a2c65a484531649261ec9f25489917f09e455cb09ddb2", size = 100743, upload-time = "2025-10-14T04:41:52.122Z" },
    { url = "https://files.pythonhosted.org/packages/0a/4c/925909008ed5a988ccbb72dcc897407e5d6d3bd72410d69e051fc0c14647/charset_normalizer-3.4.4-py3-none-any.whl", hash = "sha256:7a32c560861a02ff789ad905a2fe94e3f840803362c84fecf1851cb4cf3dc37f", size = 53402, upload-time = "2025-10-14T04:42:31.76Z" },
]

[[package]]
name = "feedparser"
version = "6.0.12"
source = { registry = "https://pypi.org/simple" }
dependencies = [
    { name = "sgmllib3k" },
]
sdist = { url = "https://files.pythonhosted.org/packages/dc/79/db7edb5e77d6dfbc54d7d9df72828be4318275b2e580549ff45a962f6461/feedparser-6.0.12.tar.gz", hash = "sha256:64f76ce90ae3e8ef5d1ede0f8d3b50ce26bcce71dd8ae5e82b1cd2d4a5f94228", size = 286579, upload-time = "2025-09-10T13:33:59.486Z" }
wheels = [
    { url = "https://files.pythonhosted.org/packages/4e/eb/c96d64137e29ae17d83ad2552470bafe3a7a915e85434d9942077d7fd011/feedparser-6.0.12-py3-none-any.whl", hash = "sha256:6bbff10f5a52662c00a2e3f86a38928c37c48f77b3c511aedcd51de933549324", size = 81480, upload-time = "2025-09-10T13:33:58.022Z" },
]

[[package]]
name = "h11"
version = "0.16.0"
source = { registry = "https://pypi.org/simple" }
sdist = { url = "https://files.pythonhosted.org/packages/01/ee/02a2c011bdab74c6fb3c75474d40b3052059d95df7e73351460c8588d963/h11-0.16.0.tar.gz", hash = "sha256:4e35b956cf45792e4caa5885e69fba00bdbc6ffafbfa020300e549b208ee5ff1", size = 101250, upload-time = "2025-04-24T03:35:25.427Z" }
wheels = [
    { url = "https://files.pythonhosted.org/packages/04/4b/29cac41a4d98d144bf5f6d33995617b185d14b22401f75ca86f384e87ff1/h11-0.16.0-py3-none-any.whl", hash = "sha256:63cf8bbe7522de3bf65932fda1d9c2772064ffb3dae62d55932da54b31cb6c86", size = 37515, upload-time = "2025-04-24T03:35:24.344Z" },
]

[[package]]
name = "httpcore"
version = "1.0.9"
source = { registry = "https://pypi.org/simple" }
dependencies = [
    { name = "certifi" },
    { name = "h11" },
]
sdist = { url = "https://files.pythonhosted.org/packages/06/94/82699a10bca87a5556c9c59b5963f2d039dbd239f25bc2a63907a05a14cb/httpcore-1.0.9.tar.gz", hash = "sha256:6e34463af53fd2ab5d807f399a9b45ea31c3dfa2276f15a2c3f00afff6e176e8", size = 85484, upload-time = "2025-04-24T22:06:22.219Z" }
wheels = [
    { url = "https://files.pythonhosted.org/packages/7e/f5/f66802a942d491edb555dd61e3a9961140fd64c90bce1eafd741609d334d/httpcore-1.0.9-py3-none-any.whl", hash = "sha256:2d400746a40668fc9dec9810239072b40b4484b640a8c38fd654a024c7a1bf55", size = 78784, upload-time = "2025-04-24T22:06:20.566Z" },
]

[[package]]
name = "httpx"
version = "0.28.1"
source = { registry = "https://pypi.org/simple" }
dependencies = [
    { name = "anyio" },
    { name = "certifi" },
    { name = "httpcore" },
    { name = "idna" },
]
sdist = { url = "https://files.pythonhosted.org/packages/b1/df/48c586a5fe32a0f01324ee087459e112ebb7224f646c0b5023f5e79e9956/httpx-0.28.1.tar.gz", hash = "sha256:75e98c5f16b0f35b567856f597f06ff2270a374470a5c2392242528e3e3e42fc", size = 141406, upload-time = "2024-12-06T15:37:23.222Z" }
wheels = [
    { url = "https://files.pythonhosted.org/packages/2a/39/e50c7c3a983047577ee07d2a9e53faf5a69493943ec3f6a384bdc792deb2/httpx-0.28.1-py3-none-any.whl", hash = "sha256:d909fcccc110f8c7faf814ca82a9a4d816bc5a6dbfea25d6591d6985b8ba59ad", size = 73517, upload-time = "2024-12-06T15:37:21.509Z" },
]

[[package]]
name = "idna"
version = "3.11"
source = { registry = "https://pypi.org/simple" }
sdist = { url = "https://files.pythonhosted.org/packages/6f/6d/0703ccc57f3a7233505399edb88de3cbd678da106337b9fcde432b65ed60/idna-3.11.tar.gz", hash = "sha256:795dafcc9c04ed0c1fb032c2aa73654d8e8c5023a7df64a53f39190ada629902", size = 194582, upload-time = "2025-10-12T14:55:20.501Z" }
wheels = [
    { url = "https://files.pythonhosted.org/packages/0e/61/66938bbb5fc52dbdf84594873d5b51fb1f7c7794e9c0f5bd885f30bc507b/idna-3.11-py3-none-any.whl", hash = "sha256:771a87f49d9defaf64091e6e6fe9c18d4833f140bd19464795bc32d966ca37ea", size = 71008, upload-time = "2025-10-12T14:55:18.883Z" },
]

[[package]]
name = "pyparsing"
version = "3.2.5"
source = { registry = "https://pypi.org/simple" }
sdist = { url = "https://files.pythonhosted.org/packages/f2/a5/181488fc2b9d093e3972d2a472855aae8a03f000592dbfce716a512b3359/pyparsing-3.2.5.tar.gz", hash = "sha256:2df8d5b7b2802ef88e8d016a2eb9c7aeaa923529cd251ed0fe4608275d4105b6", size = 1099274, upload-time = "2025-09-21T04:11:06.277Z" }
wheels = [
    { url = "https://files.pythonhosted.org/packages/10/5e/1aa9a93198c6b64513c9d7752de7422c06402de6600a8767da1524f9570b/pyparsing-3.2.5-py3-none-any.whl", hash = "sha256:e38a4f02064cf41fe6593d328d0512495ad1f3d8a91c4f73fc401b3079a59a5e", size = 113890, upload-time = "2025-09-21T04:11:04.117Z" },
]

[[package]]
name = "pyzotero"
version = "1.7.3"
source = { registry = "https://pypi.org/simple" }
dependencies = [
    { name = "bibtexparser" },
    { name = "feedparser" },
    { name = "httpx" },
    { name = "whenever" },
]
sdist = { url = "https://files.pythonhosted.org/packages/3c/2a/16aa2893cc1beb2a531c6fd32d679eac3017fc8fccd277fc5f3b0329c039/pyzotero-1.7.3.tar.gz", hash = "sha256:02dea11893abafa93c6080a2a0a50f007958180a27492469e6537290921d8efc", size = 532004, upload-time = "2025-10-18T11:32:22.931Z" }
wheels = [
    { url = "https://files.pythonhosted.org/packages/3c/eb/911c83692260288d822a550473ca368f4cec763e4bb5338d6c3c7f6f7038/pyzotero-1.7.3-py3-none-any.whl", hash = "sha256:14bf19714c06f6683ca163ea3c2391a0a160e7e4a138c0836246712c70c751e0", size = 29412, upload-time = "2025-10-18T11:32:21.158Z" },
]

[[package]]
name = "requests"
version = "2.32.5"
source = { registry = "https://pypi.org/simple" }
dependencies = [
    { name = "certifi" },
    { name = "charset-normalizer" },
    { name = "idna" },
    { name = "urllib3" },
]
sdist = { url = "https://files.pythonhosted.org/packages/c9/74/b3ff8e6c8446842c3f5c837e9c3dfcfe2018ea6ecef224c710c85ef728f4/requests-2.32.5.tar.gz", hash = "sha256:dbba0bac56e100853db0ea71b82b4dfd5fe2bf6d3754a8893c3af500cec7d7cf", size = 134517, upload-time = "2025-08-18T20:46:02.573Z" }
wheels = [
    { url = "https://files.pythonhosted.org/packages/1e/db/4254e3eabe8020b458f1a747140d32277ec7a271daf1d235b70dc0b4e6e3/requests-2.32.5-py3-none-any.whl", hash = "sha256:2462f94637a34fd532264295e186976db0f5d453d1cdd31473c85a6a161affb6", size = 64738, upload-time = "2025-08-18T20:46:00.542Z" },
]

[[package]]
name = "sgmllib3k"
version = "1.0.0"
source = { registry = "https://pypi.org/simple" }
sdist = { url = "https://files.pythonhosted.org/packages/9e/bd/3704a8c3e0942d711c1299ebf7b9091930adae6675d7c8f476a7ce48653c/sgmllib3k-1.0.0.tar.gz", hash = "sha256:7868fb1c8bfa764c1ac563d3cf369c381d1325d36124933a726f29fcdaa812e9", size = 5750, upload-time = "2010-08-24T14:33:52.445Z" }

[[package]]
name = "sniffio"
version = "1.3.1"
source = { registry = "https://pypi.org/simple" }
sdist = { url = "https://files.pythonhosted.org/packages/a2/87/a6771e1546d97e7e041b6ae58d80074f81b7d5121207425c964ddf5cfdbd/sniffio-1.3.1.tar.gz", hash = "sha256:f4324edc670a0f49750a81b895f35c3adb843cca46f0530f79fc1babb23789dc", size = 20372, upload-time = "2024-02-25T23:20:04.057Z" }
wheels = [
    { url = "https://files.pythonhosted.org/packages/e9/44/75a9c9421471a6c4805dbf2356f7c181a29c1879239abab1ea2cc8f38b40/sniffio-1.3.1-py3-none-any.whl", hash = "sha256:2f6da418d1f1e0fddd844478f41680e794e6051915791a034ff65e5f100525a2", size = 10235, upload-time = "2024-02-25T23:20:01.196Z" },
]

[[package]]
name = "typing-extensions"
version = "4.15.0"
source = { registry = "https://pypi.org/simple" }
sdist = { url = "https://files.pythonhosted.org/packages/72/94/1a15dd82efb362ac84269196e94cf00f187f7ed21c242792a923cdb1c61f/typing_extensions-4.15.0.tar.gz", hash = "sha256:0cea48d173cc12fa28ecabc3b837ea3cf6f38c6d1136f85cbaaf598984861466", size = 109391, upload-time = "2025-08-25T13:49:26.313Z" }
wheels = [
    { url = "https://files.pythonhosted.org/packages/18/67/36e9267722cc04a6b9f15c7f3441c2363321a3ea07da7ae0c0707beb2a9c/typing_extensions-4.15.0-py3-none-any.whl", hash = "sha256:f0fa19c6845758ab08074a0cfa8b7aecb71c999ca73d62883bc25cc018c4e548", size = 44614, upload-time = "2025-08-25T13:49:24.86Z" },
]

[[package]]
name = "tzdata"
version = "2025.2"
source = { registry = "https://pypi.org/simple" }
sdist = { url = "https://files.pythonhosted.org/packages/95/32/1a225d6164441be760d75c2c42e2780dc0873fe382da3e98a2e1e48361e5/tzdata-2025.2.tar.gz", hash = "sha256:b60a638fcc0daffadf82fe0f57e53d06bdec2f36c4df66280ae79bce6bd6f2b9", size = 196380, upload-time = "2025-03-23T13:54:43.652Z" }
wheels = [
    { url = "https://files.pythonhosted.org/packages/5c/23/c7abc0ca0a1526a0774eca151daeb8de62ec457e77262b66b359c3c7679e/tzdata-2025.2-py2.py3-none-any.whl", hash = "sha256:1a403fada01ff9221ca8044d701868fa132215d84beb92242d9acd2147f667a8", size = 347839, upload-time = "2025-03-23T13:54:41.845Z" },
]

[[package]]
name = "tzlocal"
version = "5.3.1"
source = { registry = "https://pypi.org/simple" }
dependencies = [
    { name = "tzdata", marker = "sys_platform == 'win32'" },
]
sdist = { url = "https://files.pythonhosted.org/packages/8b/2e/c14812d3d4d9cd1773c6be938f89e5735a1f11a9f184ac3639b93cef35d5/tzlocal-5.3.1.tar.gz", hash = "sha256:cceffc7edecefea1f595541dbd6e990cb1ea3d19bf01b2809f362a03dd7921fd", size = 30761, upload-time = "2025-03-05T21:17:41.549Z" }
wheels = [
    { url = "https://files.pythonhosted.org/packages/c2/14/e2a54fabd4f08cd7af1c07030603c3356b74da07f7cc056e600436edfa17/tzlocal-5.3.1-py3-none-any.whl", hash = "sha256:eb1a66c3ef5847adf7a834f1be0800581b683b5608e74f86ecbcef8ab91bb85d", size = 18026, upload-time = "2025-03-05T21:17:39.857Z" },
]

[[package]]
name = "urllib3"
version = "2.5.0"
source = { registry = "https://pypi.org/simple" }
sdist = { url = "https://files.pythonhosted.org/packages/15/22/9ee70a2574a4f4599c47dd506532914ce044817c7752a79b6a51286319bc/urllib3-2.5.0.tar.gz", hash = "sha256:3fc47733c7e419d4bc3f6b3dc2b4f890bb743906a30d56ba4a5bfa4bbff92760", size = 393185, upload-time = "2025-06-18T14:07:41.644Z" }
wheels = [
    { url = "https://files.pythonhosted.org/packages/a7/c2/fe1e52489ae3122415c51f387e221dd0773709bad6c6cdaa599e8a2c5185/urllib3-2.5.0-py3-none-any.whl", hash = "sha256:e6b01673c0fa6a13e374b50871808eb3bf7046c4b125b216f6bf1cc604cff0dc", size = 129795, upload-time = "2025-06-18T14:07:40.39Z" },
]

[[package]]
name = "whenever"
version = "0.9.3"
source = { registry = "https://pypi.org/simple" }
dependencies = [
    { name = "tzdata", marker = "sys_platform == 'win32'" },
    { name = "tzlocal", marker = "sys_platform != 'darwin' and sys_platform != 'linux'" },
]
sdist = { url = "https://files.pythonhosted.org/packages/87/ae/dcbfee50237cedca9153cac045dff6d93b81886f44f82c86493856592d55/whenever-0.9.3.tar.gz", hash = "sha256:22e6f8366767ab3c8be6d9e21a27bc56be2e50f0f2c66d78e8ee86497b579f1a", size = 256933, upload-time = "2025-10-16T19:44:40.832Z" }
wheels = [
    { url = "https://files.pythonhosted.org/packages/88/56/19151e09accc454e9d3af3c183f9e83eac779cdf62a8fde82eb02a12b8a6/whenever-0.9.3-cp312-cp312-macosx_10_12_x86_64.whl", hash = "sha256:35902760c5fb839e9f7d574320197b9c060e19248ab9d411532a97a9753f5ba2", size = 457300, upload-time = "2025-10-16T19:44:14.712Z" },
    { url = "https://files.pythonhosted.org/packages/fb/bd/29dbc6a394ab252c86b62e791163f1656d89969b84a59a2b8323164f8726/whenever-0.9.3-cp312-cp312-macosx_11_0_arm64.whl", hash = "sha256:1e2bc94d2a55d19bec63cf7b573f611a98cc3e1f2c8c27f7260ba33a637c3625", size = 430001, upload-time = "2025-10-16T19:44:05.347Z" },
    { url = "https://files.pythonhosted.org/packages/f4/ee/fdfa8327870ae76bbcf4745103f662319902aae258c7ebb8ab27f7323d76/whenever-0.9.3-cp312-cp312-manylinux_2_17_aarch64.manylinux2014_aarch64.whl", hash = "sha256:c79fc178f3f1cd3e0ff5f7c916f149777b27946848f0560f98da4f852bd4e7af", size = 447861, upload-time = "2025-10-16T19:42:37.753Z" },
    { url = "https://files.pythonhosted.org/packages/05/e6/74e64b36c5acf24b932d925bbc2553ea193ff7270d20d14a087d0aaee135/whenever-0.9.3-cp312-cp312-manylinux_2_17_armv7l.manylinux2014_armv7l.whl", hash = "sha256:e7e5143c42d4ce08e41a17f489906a3051b4ae6bc078fdea5f6afe40dfd79f28", size = 495184, upload-time = "2025-10-16T19:42:55.832Z" },
    { url = "https://files.pythonhosted.org/packages/fa/07/6b2db04cfed92d7436f88756b6eed1933f5bc705d152be84293931eef4a3/whenever-0.9.3-cp312-cp312-manylinux_2_17_ppc64le.manylinux2014_ppc64le.whl", hash = "sha256:025c854c5c7890d2ff63360b652b6aa8524064737e9eb1a1959665160783fa31", size = 489191, upload-time = "2025-10-16T19:43:13.847Z" },
    { url = "https://files.pythonhosted.org/packages/82/91/120ccbf16f73d125a1fafcf13b64d8216af4103c3302175f9e0d07c92e4f/whenever-0.9.3-cp312-cp312-manylinux_2_17_s390x.manylinux2014_s390x.whl", hash = "sha256:d9fd530bcfa08fcb6fcfe23f375ead43cbebdf598685ca8e6ee97efbcb60f880", size = 519736, upload-time = "2025-10-16T19:43:22.131Z" },
    { url = "https://files.pythonhosted.org/packages/ac/d1/b7a9f87bf8025e3b4a32e0cc2aeb689ae6e1f146f30f9c0e91bcb2d4b507/whenever-0.9.3-cp312-cp312-manylinux_2_17_x86_64.manylinux2014_x86_64.whl", hash = "sha256:c7d260b914c10ad546a01fbda0468517b1ec9354d82f87e50a6604b91ab28260", size = 478997, upload-time = "2025-10-16T19:43:48.713Z" },
    { url = "https://files.pythonhosted.org/packages/f2/74/a3f501a6350d953dbaf3828607f1271e5816c586e533778efe88291c0153/whenever-0.9.3-cp312-cp312-manylinux_2_5_i686.manylinux1_i686.whl", hash = "sha256:013d9473732fc1c22963e4ab9e3afdb85d2d4d3e2f214e2e31276c7c8316765b", size = 517904, upload-time = "2025-10-16T19:43:30.12Z" },
    { url = "https://files.pythonhosted.org/packages/15/cd/de5419b18c87487c8eb90481d06f1e0480287785eb7c7e28a47fe2f7bcce/whenever-0.9.3-cp312-cp312-musllinux_1_2_aarch64.whl", hash = "sha256:88d78b132137fbcf06816cb54770677cf2a3f8a40d0b51b1883fd7f818f6818f", size = 626363, upload-time = "2025-10-16T19:42:48.096Z" },
    { url = "https://files.pythonhosted.org/packages/0b/02/7320e6122546b02f672a263923cdaf6318dc71b517a0ac06948d86a08523/whenever-0.9.3-cp312-cp312-musllinux_1_2_armv7l.whl", hash = "sha256:2ae4fbb9dfab3fc82e2208376704d3b424c6535d8ed084bdf867d5a31d1fcadd", size = 759913, upload-time = "2025-10-16T19:43:04.655Z" },
    { url = "https://files.pythonhosted.org/packages/f9/af/a815f41928a79552d6f150ab2b5f60b238efc09c4d8300880cc0374eee9a/whenever-0.9.3-cp312-cp312-musllinux_1_2_i686.whl", hash = "sha256:7ae6ecdc9dbd29af9e61083ff35f7a67aaf26576f697df5ba33f4b7e4cb51506", size = 690294, upload-time = "2025-10-16T19:43:38.657Z" },
    { url = "https://files.pythonhosted.org/packages/91/5e/d87ac0249463ac5aa4116c14acdea22434a87f9caf276c7bb670489af405/whenever-0.9.3-cp312-cp312-musllinux_1_2_x86_64.whl", hash = "sha256:93cca15708bc6000d95d8b67965bd0608ee0647e59ca41edac1750db06956ee5", size = 650029, upload-time = "2025-10-16T19:43:56.904Z" },
    { url = "https://files.pythonhosted.org/packages/9a/fb/ef281a857028feecfa8b6eff6c00048fc6fe1f554f4b1acb40967e38650b/whenever-0.9.3-cp312-cp312-win32.whl", hash = "sha256:7881dca812308d511aaf2381e5e5308bffad58d10b99dbf832b5eb2ace9492e8", size = 414098, upload-time = "2025-10-16T19:44:23.832Z" },
    { url = "https://files.pythonhosted.org/packages/86/11/b3ef6abac121ecf0ac98a5e02e05297c3a90fd9c6b99556adb75e2befed9/whenever-0.9.3-cp312-cp312-win_amd64.whl", hash = "sha256:7ba1c2ad8e8b61f01ca90505258a924f79f2f63911c17e12e739af457859f347", size = 422870, upload-time = "2025-10-16T19:44:33.378Z" },
    { url = "https://files.pythonhosted.org/packages/b4/01/543ce9ecaa8dd288b5bd830db221a1508b3662196022f001818f4de36ef3/whenever-0.9.3-cp313-cp313-macosx_10_12_x86_64.whl", hash = "sha256:4ace9aeb97f2b62442486daf7debf6967a62ffe5d1e8293f1cba690bea8fbbc3", size = 457297, upload-time = "2025-10-16T19:44:15.921Z" },
    { url = "https://files.pythonhosted.org/packages/7b/d7/d89a6f1b1ea4a2768c813443d7be007377402fa0db99c62c393965165159/whenever-0.9.3-cp313-cp313-macosx_11_0_arm64.whl", hash = "sha256:01dcd44c16c910ed99a2960df9e591fb3bb7c7ced7cfe93640b74d79957e117b", size = 430008, upload-time = "2025-10-16T19:44:07.25Z" },
    { url = "https://files.pythonhosted.org/packages/c0/ed/80080d1b9bf5bfa2458691d2c97ac50132ea6ab1ac87b36b1e0d5435a8e9/whenever-0.9.3-cp313-cp313-manylinux_2_17_aarch64.manylinux2014_aarch64.whl", hash = "sha256:3fdecc368809f1b6103247785edc4350c1aabb99da79d6b788d55d3b6969f494", size = 447873, upload-time = "2025-10-16T19:42:39.674Z" },
    { url = "https://files.pythonhosted.org/packages/2d/92/316bc3cade4e781199f0483b30f5337c851d193cbe4269f5e1008f58a37b/whenever-0.9.3-cp313-cp313-manylinux_2_17_armv7l.manylinux2014_armv7l.whl", hash = "sha256:4558c7512a2e81cdfaa658c37e3d6380a64b5d9b19d31fc81433f4dd6c77eb02", size = 495189, upload-time = "2025-10-16T19:42:57.461Z" },
    { url = "https://files.pythonhosted.org/packages/12/22/fe521e469d91c8436c5ed57cbee7f5b79e8e389863724b7c4d3d6f6f1834/whenever-0.9.3-cp313-cp313-manylinux_2_17_ppc64le.manylinux2014_ppc64le.whl", hash = "sha256:33c44afb784af1c1d49394adc10bc563430a2f43f2ea3cfbd0add4ffed6d073d", size = 489191, upload-time = "2025-10-16T19:43:14.847Z" },
    { url = "https://files.pythonhosted.org/packages/e1/ca/8e3a1fd4ff8dfeac17de2b3a8ca04f5da2de1e689016f4e5775649cab425/whenever-0.9.3-cp313-cp313-manylinux_2_17_s390x.manylinux2014_s390x.whl", hash = "sha256:d2674b5be8c3d4cf436fc6a83487c3d6c1aecfd382a8684441eb786e6188feac", size = 519736, upload-time = "2025-10-16T19:43:23.397Z" },
    { url = "https://files.pythonhosted.org/packages/5c/55/238408391f365958286ec2038ff9d2a05959595703d2980cd635a2d846f5/whenever-0.9.3-cp313-cp313-manylinux_2_17_x86_64.manylinux2014_x86_64.whl", hash = "sha256:1d91016f4eef16b8cb407bb82d6db1567c8910f32e1658601893f43983f76d63", size = 479003, upload-time = "2025-10-16T19:43:49.793Z" },
    { url = "https://files.pythonhosted.org/packages/e6/31/f88049209533d7410fe260671f1bdbac6cb0f312687c4358dbfcd0e39aca/whenever-0.9.3-cp313-cp313-manylinux_2_5_i686.manylinux1_i686.whl", hash = "sha256:a4907d1be23e3733880e12ad5b8b531cfebaab8e91c40f10eee7f505d43e584f", size = 517910, upload-time = "2025-10-16T19:43:31.156Z" },
    { url = "https://files.pythonhosted.org/packages/73/83/4fac892a01d50b2039699ccddf8f9a35487f5b50b693aea30d087f308f43/whenever-0.9.3-cp313-cp313-musllinux_1_2_aarch64.whl", hash = "sha256:7cde6cc29afc5df4e4d942422eaabafe71700e6dae9c453c5086ce19f738c4e0", size = 626366, upload-time = "2025-10-16T19:42:49.843Z" },
    { url = "https://files.pythonhosted.org/packages/f0/bc/f277b2b980c4160be3f6ef51045bdb1b1ac7ec567c14867d17327130cc95/whenever-0.9.3-cp313-cp313-musllinux_1_2_armv7l.whl", hash = "sha256:5119d80bdbc8b9512c6abaaf0304c49c75ce2c25a043df2e3e1c50244b809300", size = 759918, upload-time = "2025-10-16T19:43:06.808Z" },
    { url = "https://files.pythonhosted.org/packages/07/6e/1a8a6074388b730d8d85cd73e916efc8c185396da7c8502e22e8a9da0ee3/whenever-0.9.3-cp313-cp313-musllinux_1_2_i686.whl", hash = "sha256:6df53862974feb711377fdcf9c31ce0668f86065e8b7b591ced3e3e8dbaa440a", size = 690300, upload-time = "2025-10-16T19:43:40.558Z" },
    { url = "https://files.pythonhosted.org/packages/d8/44/28ce2dca9293c1c7533665bc8669918c0a5618ed5c101766b9ad08887bb3/whenever-0.9.3-cp313-cp313-musllinux_1_2_x86_64.whl", hash = "sha256:57bca91312d5d6efdf6c58bfe2190ca6837b64096ed23e6f14acfe0e3d73d129", size = 650040, upload-time = "2025-10-16T19:43:58.41Z" },
    { url = "https://files.pythonhosted.org/packages/ec/9f/328c44ce32a7ea586d16514d07e4a7ebce3586a8a6b08027851cf7b470cf/whenever-0.9.3-cp313-cp313-win32.whl", hash = "sha256:ca6b11f41ab93d6bd9db94e367ef06f27f5ce2fc76b077f9d2cb4bcb09cdcf4a", size = 414101, upload-time = "2025-10-16T19:44:25.152Z" },
    { url = "https://files.pythonhosted.org/packages/7d/8d/70ed8ad284cf228d5ae89a6d3d99f21ccc78b270e8ddea4a0ca4575c5185/whenever-0.9.3-cp313-cp313-win_amd64.whl", hash = "sha256:c075bad2f67e9c5b561b9643b44b396cb7bb6c5764f1f7d846755ebe9e215574", size = 422869, upload-time = "2025-10-16T19:44:34.595Z" },
    { url = "https://files.pythonhosted.org/packages/53/43/84d2eb1dea42be651d74dda1f6c432b61a389784b47b2b8be70b9c6d5c1b/whenever-0.9.3-cp314-cp314-macosx_10_12_x86_64.whl", hash = "sha256:71a07a748c8a48f952b0d5a80502911d6b3c553030214fb289e4527949382231", size = 458989, upload-time = "2025-10-16T19:44:17.082Z" },
    { url = "https://files.pythonhosted.org/packages/5e/a9/082c396b4cb41b93333852cefbc44b9a59640f147d74f3b23391fe566c0a/whenever-0.9.3-cp314-cp314-macosx_11_0_arm64.whl", hash = "sha256:3dba58f009a2d127875410af9e8296958875257ca22889961a5ba51655364bbd", size = 431683, upload-time = "2025-10-16T19:44:08.841Z" },
    { url = "https://files.pythonhosted.org/packages/6a/b2/e91e04d7d1e914f36e46e127145bcf2fd4fb7cc8b0323603549b022c1daa/whenever-0.9.3-cp314-cp314-manylinux_2_17_aarch64.manylinux2014_aarch64.whl", hash = "sha256:3d75a4c8f58f1a36be812aec838d779266ae30a954d690d6e362c3a52ac9e1c5", size = 449103, upload-time = "2025-10-16T19:42:40.768Z" },
    { url = "https://files.pythonhosted.org/packages/86/20/c5938823111ed750e18dae2fc664d7d82d430a45cda7c5ac431d857e2e33/whenever-0.9.3-cp314-cp314-manylinux_2_17_armv7l.manylinux2014_armv7l.whl", hash = "sha256:07309b9f77380e5564ff7d7ab47d0ea041ecc8465d67e747a5fa17f5b9f817fb", size = 496227, upload-time = "2025-10-16T19:42:58.799Z" },
    { url = "https://files.pythonhosted.org/packages/af/6a/f78d191ce5eac1ec6ee1e025a8f61c4062da91ed2ffdb456d0a7af639167/whenever-0.9.3-cp314-cp314-manylinux_2_17_ppc64le.manylinux2014_ppc64le.whl", hash = "sha256:5ec5bf917a8df32b7ec497c9f40a445f12d2f1135862d1ca0cd889168088645e", size = 489542, upload-time = "2025-10-16T19:43:16.406Z" },
    { url = "https://files.pythonhosted.org/packages/7a/62/a2db36a62be81701f05392513251412e55d67c4fe75c414c1c278cdc9031/whenever-0.9.3-cp314-cp314-manylinux_2_17_s390x.manylinux2014_s390x.whl", hash = "sha256:434a357bf50542e1478fdaf9c3025e11d072a22d1050a4969a9cad66b12c5734", size = 520663, upload-time = "2025-10-16T19:43:24.512Z" },
    { url = "https://files.pythonhosted.org/packages/cd/3d/d4d0b324eda1120d309dcd9cbbffca633e677781e08b14f27635041e7aa2/whenever-0.9.3-cp314-cp314-manylinux_2_17_x86_64.manylinux2014_x86_64.whl", hash = "sha256:61b49c8e66044e9f15f1e64b5091f3efe79eb7329a2a1a02e707a8ad98f7cf2b", size = 481155, upload-time = "2025-10-16T19:43:51.625Z" },
    { url = "https://files.pythonhosted.org/packages/67/7c/15bf5d01e31c841ad17042b30a000010bea2ac0744f98b30872fd9b3c3fa/whenever-0.9.3-cp314-cp314-manylinux_2_5_i686.manylinux1_i686.whl", hash = "sha256:bc84c74fae6ab50f7b8c9e1e740e49e177eac8a16395b6bcbf260be59999e35d", size = 519631, upload-time = "2025-10-16T19:43:33.279Z" },
    { url = "https://files.pythonhosted.org/packages/dc/79/c6c5671e6d393e81c84b5cc843941ae756479abef092f02df219604fff7f/whenever-0.9.3-cp314-cp314-musllinux_1_2_aarch64.whl", hash = "sha256:067e9b26b2c1114a18272f96b2cf9c3bd8200dd1d3a93498387b9c8067c15ac2", size = 627480, upload-time = "2025-10-16T19:42:51.115Z" },
    { url = "https://files.pythonhosted.org/packages/e9/8d/bbd22e3540360a1ea871bcc07c5af2c5ba71e6c54c7cf762805df79d76f0/whenever-0.9.3-cp314-cp314-musllinux_1_2_armv7l.whl", hash = "sha256:24e8584f43d7cc99b1bc89e9db748990d098a13fa56c11285ca50e8a1d745ceb", size = 760930, upload-time = "2025-10-16T19:43:07.783Z" },
    { url = "https://files.pythonhosted.org/packages/45/f7/957ca2b38e40be0ed721cbef2cb2df3bbaf0767c253408f14f41901fec49/whenever-0.9.3-cp314-cp314-musllinux_1_2_i686.whl", hash = "sha256:79c9296d0c040da5eb350e0e61682f36169fc0c63c1545ca1d0505f6c4a9f64b", size = 691669, upload-time = "2025-10-16T19:43:41.637Z" },
    { url = "https://files.pythonhosted.org/packages/04/9b/0719c857dc4e39b738fe185a3f5b201bfa566fe5d5d41fe34e8746e7736a/whenever-0.9.3-cp314-cp314-musllinux_1_2_x86_64.whl", hash = "sha256:f99be7de17f590c94be895e626377afe0b27049f2ac705390edc089bcfe9cce1", size = 652410, upload-time = "2025-10-16T19:43:59.567Z" },
    { url = "https://files.pythonhosted.org/packages/0c/95/504330d21987beed1504dd4e00528391180574619f467e381ceaa487f34d/whenever-0.9.3-cp314-cp314-win32.whl", hash = "sha256:564ed0ac5b71d2350aefa2f15d99f569380f39b78b15cf85ffd8aad95a660d5b", size = 415644, upload-time = "2025-10-16T19:44:27.068Z" },
    { url = "https://files.pythonhosted.org/packages/2a/7a/1a82153345fd66698d34c9fc40ceac92ad32f99c307da6e8cb29d6298a40/whenever-0.9.3-cp314-cp314-win_amd64.whl", hash = "sha256:b2a5ccbcf6bd9808b56c46b4f2b5a5a20ff08a61b0fef3ddf8822095e4850979", size = 425159, upload-time = "2025-10-16T19:44:36.366Z" },
    { url = "https://files.pythonhosted.org/packages/bf/7b/d2eb5e65f0c892ffe7fe0658861b7797368a056829b8e7b2af3ba3598260/whenever-0.9.3-py3-none-any.whl", hash = "sha256:fea97d1b6645837a608c593bcca94d70d7edbfe66ce442edc5455fcc3b659284", size = 64404, upload-time = "2025-10-16T19:44:39.656Z" },
]

[[package]]
name = "zotero-citations"
version = "0.1.0"
source = { virtual = "." }
dependencies = [
    { name = "pyzotero" },
    { name = "requests" },
]

[package.metadata]
requires-dist = [
    { name = "pyzotero", specifier = ">=1.7.3" },
    { name = "requests", specifier = ">=2.32.5" },
]
